
Microsoft Visual Studio Solution File, Format Version 12.00
# Visual Studio 15
Project("{FAE04EC0-301F-11D3-BF4B-00C04F79EFBC}") = "Assembly-CSharp", "Assembly-CSharp.csproj", "{AA65DA4A-481B-F916-C65A-979B1A3DAAEA}"
EndProject
Project("{FAE04EC0-301F-11D3-BF4B-00C04F79EFBC}") = "Assembly-CSharp-Editor", "Assembly-CSharp-Editor.csproj", "{F536A40E-EF0B-8CBB-FD38-3775DDB9B9F0}"
EndProject
Project("{FAE04EC0-301F-11D3-BF4B-00C04F79EFBC}") = "Unity.AssetBundleBrowser.Editor", "Unity.AssetBundleBrowser.Editor.csproj", "{2FC77678-0A2B-7AE7-4DB2-654F10F9657F}"
EndProject
Global
	GlobalSection(SolutionConfigurationPlatforms) = preSolution
		Debug|Any CPU = Debug|Any CPU
		Release|Any CPU = Release|Any CPU
	EndGlobalSection
	GlobalSection(ProjectConfigurationPlatforms) = postSolution
		{AA65DA4A-481B-F916-C65A-979B1A3DAAEA}.Debug|Any CPU.ActiveCfg = Debug|Any CPU
		{AA65DA4A-481B-F916-C65A-979B1A3DAAEA}.Debug|Any CPU.Build.0 = Debug|Any CPU
		{AA65DA4A-481B-F916-C65A-979B1A3DAAEA}.Release|Any CPU.ActiveCfg = Release|Any CPU
		{AA65DA4A-481B-F916-C65A-979B1A3DAAEA}.Release|Any CPU.Build.0 = Release|Any CPU
		{F536A40E-EF0B-8CBB-FD38-3775DDB9B9F0}.Debug|Any CPU.ActiveCfg = Debug|Any CPU
		{F536A40E-EF0B-8CBB-FD38-3775DDB9B9F0}.Debug|Any CPU.Build.0 = Debug|Any CPU
		{F536A40E-EF0B-8CBB-FD38-3775DDB9B9F0}.Release|Any CPU.ActiveCfg = Release|Any CPU
		{F536A40E-EF0B-8CBB-FD38-3775DDB9B9F0}.Release|Any CPU.Build.0 = Release|Any CPU
		{2FC77678-0A2B-7AE7-4DB2-654F10F9657F}.Debug|Any CPU.ActiveCfg = Debug|Any CPU
		{2FC77678-0A2B-7AE7-4DB2-654F10F9657F}.Debug|Any CPU.Build.0 = Debug|Any CPU
		{2FC77678-0A2B-7AE7-4DB2-654F10F9657F}.Release|Any CPU.ActiveCfg = Release|Any CPU
		{2FC77678-0A2B-7AE7-4DB2-654F10F9657F}.Release|Any CPU.Build.0 = Release|Any CPU
	EndGlobalSection
	GlobalSection(SolutionProperties) = preSolution
		HideSolutionNode = FALSE
	EndGlobalSection
EndGlobal
